
Microsoft Visual Studio Solution File, Format Version 12.00
# Visual Studio Version 17
VisualStudioVersion = 17.10.34928.147
MinimumVisualStudioVersion = 10.0.40219.1
Project("{9A19103F-16F7-4668-BE54-9A1E7A4F7556}") = "N5.Permissions.Presentation", "N5.Permissions.Presentation\N5.Permissions.Presentation.csproj", "{206A4921-FEF5-4594-A5E8-5CC3E1846A89}"
EndProject
Project("{9A19103F-16F7-4668-BE54-9A1E7A4F7556}") = "N5.Permissions.Infrastructure", "N5.Permissions.Infrastructure\N5.Permissions.Infrastructure.csproj", "{1D583A30-C071-454C-923B-1CD55B9837EE}"
EndProject
Project("{9A19103F-16F7-4668-BE54-9A1E7A4F7556}") = "N5.Permissions.Domain", "N5.Permissions.Domain\N5.Permissions.Domain.csproj", "{1C91AFA8-0A0F-49BF-9329-BE5F8768964D}"
EndProject
Project("{9A19103F-16F7-4668-BE54-9A1E7A4F7556}") = "N5.Permissions.Presentation.Tests", "N5.Permissions.Presentation.Tests\N5.Permissions.Presentation.Tests.csproj", "{A7064AF9-D910-423D-AFCC-0741968CA65C}"
EndProject
Project("{9A19103F-16F7-4668-BE54-9A1E7A4F7556}") = "N5.Permissions.Infrastructure.Tests", "N5.Permissions.Infrastructure.Tests\N5.Permissions.Infrastructure.Tests.csproj", "{CBB6B868-7707-4380-BBCE-5853E777F6E6}"
EndProject
Project("{9A19103F-16F7-4668-BE54-9A1E7A4F7556}") = "N5.Permissions.Application", "N5.Permissions.Application\N5.Permissions.Application.csproj", "{EFBE7203-CB5B-42BA-BEB1-18BC46FF77B5}"
EndProject
Project("{9A19103F-16F7-4668-BE54-9A1E7A4F7556}") = "N5.Permissions.Application.Tests", "N5.Permissions.Application.Tests\N5.Permissions.Application.Tests.csproj", "{87458AD8-D146-4FF8-96ED-ECEB29BBD203}"
EndProject
Project("{9A19103F-16F7-4668-BE54-9A1E7A4F7556}") = "N5.Permissions.Shared", "N5.Permissions.Shared\N5.Permissions.Shared.csproj", "{62DCCFF4-3962-45A5-8C0B-C7AAB5142ECB}"
EndProject
Global
	GlobalSection(SolutionConfigurationPlatforms) = preSolution
		Debug|Any CPU = Debug|Any CPU
		Release|Any CPU = Release|Any CPU
	EndGlobalSection
	GlobalSection(ProjectConfigurationPlatforms) = postSolution
		{206A4921-FEF5-4594-A5E8-5CC3E1846A89}.Debug|Any CPU.ActiveCfg = Debug|Any CPU
		{206A4921-FEF5-4594-A5E8-5CC3E1846A89}.Debug|Any CPU.Build.0 = Debug|Any CPU
		{206A4921-FEF5-4594-A5E8-5CC3E1846A89}.Release|Any CPU.ActiveCfg = Release|Any CPU
		{206A4921-FEF5-4594-A5E8-5CC3E1846A89}.Release|Any CPU.Build.0 = Release|Any CPU
		{1D583A30-C071-454C-923B-1CD55B9837EE}.Debug|Any CPU.ActiveCfg = Debug|Any CPU
		{1D583A30-C071-454C-923B-1CD55B9837EE}.Debug|Any CPU.Build.0 = Debug|Any CPU
		{1D583A30-C071-454C-923B-1CD55B9837EE}.Release|Any CPU.ActiveCfg = Release|Any CPU
		{1D583A30-C071-454C-923B-1CD55B9837EE}.Release|Any CPU.Build.0 = Release|Any CPU
		{1C91AFA8-0A0F-49BF-9329-BE5F8768964D}.Debug|Any CPU.ActiveCfg = Debug|Any CPU
		{1C91AFA8-0A0F-49BF-9329-BE5F8768964D}.Debug|Any CPU.Build.0 = Debug|Any CPU
		{1C91AFA8-0A0F-49BF-9329-BE5F8768964D}.Release|Any CPU.ActiveCfg = Release|Any CPU
		{1C91AFA8-0A0F-49BF-9329-BE5F8768964D}.Release|Any CPU.Build.0 = Release|Any CPU
		{A7064AF9-D910-423D-AFCC-0741968CA65C}.Debug|Any CPU.ActiveCfg = Debug|Any CPU
		{A7064AF9-D910-423D-AFCC-0741968CA65C}.Debug|Any CPU.Build.0 = Debug|Any CPU
		{A7064AF9-D910-423D-AFCC-0741968CA65C}.Release|Any CPU.ActiveCfg = Release|Any CPU
		{A7064AF9-D910-423D-AFCC-0741968CA65C}.Release|Any CPU.Build.0 = Release|Any CPU
		{CBB6B868-7707-4380-BBCE-5853E777F6E6}.Debug|Any CPU.ActiveCfg = Debug|Any CPU
		{CBB6B868-7707-4380-BBCE-5853E777F6E6}.Debug|Any CPU.Build.0 = Debug|Any CPU
		{CBB6B868-7707-4380-BBCE-5853E777F6E6}.Release|Any CPU.ActiveCfg = Release|Any CPU
		{CBB6B868-7707-4380-BBCE-5853E777F6E6}.Release|Any CPU.Build.0 = Release|Any CPU
		{EFBE7203-CB5B-42BA-BEB1-18BC46FF77B5}.Debug|Any CPU.ActiveCfg = Debug|Any CPU
		{EFBE7203-CB5B-42BA-BEB1-18BC46FF77B5}.Debug|Any CPU.Build.0 = Debug|Any CPU
		{EFBE7203-CB5B-42BA-BEB1-18BC46FF77B5}.Release|Any CPU.ActiveCfg = Release|Any CPU
		{EFBE7203-CB5B-42BA-BEB1-18BC46FF77B5}.Release|Any CPU.Build.0 = Release|Any CPU
		{87458AD8-D146-4FF8-96ED-ECEB29BBD203}.Debug|Any CPU.ActiveCfg = Debug|Any CPU
		{87458AD8-D146-4FF8-96ED-ECEB29BBD203}.Debug|Any CPU.Build.0 = Debug|Any CPU
		{87458AD8-D146-4FF8-96ED-ECEB29BBD203}.Release|Any CPU.ActiveCfg = Release|Any CPU
		{87458AD8-D146-4FF8-96ED-ECEB29BBD203}.Release|Any CPU.Build.0 = Release|Any CPU
		{62DCCFF4-3962-45A5-8C0B-C7AAB5142ECB}.Debug|Any CPU.ActiveCfg = Debug|Any CPU
		{62DCCFF4-3962-45A5-8C0B-C7AAB5142ECB}.Debug|Any CPU.Build.0 = Debug|Any CPU
		{62DCCFF4-3962-45A5-8C0B-C7AAB5142ECB}.Release|Any CPU.ActiveCfg = Release|Any CPU
		{62DCCFF4-3962-45A5-8C0B-C7AAB5142ECB}.Release|Any CPU.Build.0 = Release|Any CPU
	EndGlobalSection
	GlobalSection(SolutionProperties) = preSolution
		HideSolutionNode = FALSE
	EndGlobalSection
	GlobalSection(ExtensibilityGlobals) = postSolution
		SolutionGuid = {C736981B-DAE7-4E3D-BBAB-9BE3D61AAFD4}
	EndGlobalSection
EndGlobal
